// !$*UTF8*$!
{
	archiveVersion = 1;
	classes = {
	};
	objectVersion = 50;
	objects = {

/* Begin PBXBuildFile section */
		31BDFC0322D57509000507B9 /* AppDelegate.swift in Sources */ = {isa = PBXBuildFile; fileRef = 31BDFC0222D57509000507B9 /* AppDelegate.swift */; };
		31BDFC0522D57509000507B9 /* ViewController.swift in Sources */ = {isa = PBXBuildFile; fileRef = 31BDFC0422D57509000507B9 /* ViewController.swift */; };
		31BDFC0822D57509000507B9 /* Main.storyboard in Resources */ = {isa = PBXBuildFile; fileRef = 31BDFC0622D57509000507B9 /* Main.storyboard */; };
		31BDFC0A22D57516000507B9 /* Assets.xcassets in Resources */ = {isa = PBXBuildFile; fileRef = 31BDFC0922D57516000507B9 /* Assets.xcassets */; };
		31BDFC0D22D57516000507B9 /* LaunchScreen.storyboard in Resources */ = {isa = PBXBuildFile; fileRef = 31BDFC0B22D57516000507B9 /* LaunchScreen.storyboard */; };
		31BDFC1822D57516000507B9 /* Class03Tests.swift in Sources */ = {isa = PBXBuildFile; fileRef = 31BDFC1722D57516000507B9 /* Class03Tests.swift */; };
		31BDFC2322D57516000507B9 /* Class03UITests.swift in Sources */ = {isa = PBXBuildFile; fileRef = 31BDFC2222D57516000507B9 /* Class03UITests.swift */; };
/* End PBXBuildFile section */

/* Begin PBXContainerItemProxy section */
		31BDFC1422D57516000507B9 /* PBXContainerItemProxy */ = {
			isa = PBXContainerItemProxy;
			containerPortal = 31BDFBF722D57509000507B9 /* Project object */;
			proxyType = 1;
			remoteGlobalIDString = 31BDFBFE22D57509000507B9;
			remoteInfo = Class03;
		};
		31BDFC1F22D57516000507B9 /* PBXContainerItemProxy */ = {
			isa = PBXContainerItemProxy;
			containerPortal = 31BDFBF722D57509000507B9 /* Project object */;
			proxyType = 1;
			remoteGlobalIDString = 31BDFBFE22D57509000507B9;
			remoteInfo = Class03;
		};
/* End PBXContainerItemProxy section */

/* Begin PBXFileReference section */
		31BDFBFF22D57509000507B9 /* Class03.app */ = {isa = PBXFileReference; explicitFileType = wrapper.application; includeInIndex = 0; path = Class03.app; sourceTree = BUILT_PRODUCTS_DIR; };
		31BDFC0222D57509000507B9 /* AppDelegate.swift */ = {isa = PBXFileReference; lastKnownFileType = sourcecode.swift; path = AppDelegate.swift; sourceTree = "<group>"; };
		31BDFC0422D57509000507B9 /* ViewController.swift */ = {isa = PBXFileReference; lastKnownFileType = sourcecode.swift; path = ViewController.swift; sourceTree = "<group>"; };
		31BDFC0722D57509000507B9 /* Base */ = {isa = PBXFileReference; lastKnownFileType = file.storyboard; name = Base; path = Base.lproj/Main.storyboard; sourceTree = "<group>"; };
		31BDFC0922D57516000507B9 /* Assets.xcassets */ = {isa = PBXFileReference; lastKnownFileType = folder.assetcatalog; path = Assets.xcassets; sourceTree = "<group>"; };
		31BDFC0C22D57516000507B9 /* Base */ = {isa = PBXFileReference; lastKnownFileType = file.storyboard; name = Base; path = Base.lproj/LaunchScreen.storyboard; sourceTree = "<group>"; };
		31BDFC0E22D57516000507B9 /* Info.plist */ = {isa = PBXFileReference; lastKnownFileType = text.plist.xml; path = Info.plist; sourceTree = "<group>"; };
		31BDFC1322D57516000507B9 /* Class03Tests.xctest */ = {isa = PBXFileReference; explicitFileType = wrapper.cfbundle; includeInIndex = 0; path = Class03Tests.xctest; sourceTree = BUILT_PRODUCTS_DIR; };
		31BDFC1722D57516000507B9 /* Class03Tests.swift */ = {isa = PBXFileReference; lastKnownFileType = sourcecode.swift; path = Class03Tests.swift; sourceTree = "<group>"; };
		31BDFC1922D57516000507B9 /* Info.plist */ = {isa = PBXFileReference; lastKnownFileType = text.plist.xml; path = Info.plist; sourceTree = "<group>"; };
		31BDFC1E22D57516000507B9 /* Class03UITests.xctest */ = {isa = PBXFileReference; explicitFileType = wrapper.cfbundle; includeInIndex = 0; path = Class03UITests.xctest; sourceTree = BUILT_PRODUCTS_DIR; };
		31BDFC2222D57516000507B9 /* Class03UITests.swift */ = {isa = PBXFileReference; lastKnownFileType = sourcecode.swift; path = Class03UITests.swift; sourceTree = "<group>"; };
		31BDFC2422D57516000507B9 /* Info.plist */ = {isa = PBXFileReference; lastKnownFileType = text.plist.xml; path = Info.plist; sourceTree = "<group>"; };
/* End PBXFileReference section */

/* Begin PBXFrameworksBuildPhase section */
		31BDFBFC22D57509000507B9 /* Frameworks */ = {
			isa = PBXFrameworksBuildPhase;
			buildActionMask = 2147483647;
			files = (
			);
			runOnlyForDeploymentPostprocessing = 0;
		};
		31BDFC1022D57516000507B9 /* Frameworks */ = {
			isa = PBXFrameworksBuildPhase;
			buildActionMask = 2147483647;
			files = (
			);
			runOnlyForDeploymentPostprocessing = 0;
		};
		31BDFC1B22D57516000507B9 /* Frameworks */ = {
			isa = PBXFrameworksBuildPhase;
			buildActionMask = 2147483647;
			files = (
			);
			runOnlyForDeploymentPostprocessing = 0;
		};
/* End PBXFrameworksBuildPhase section */

/* Begin PBXGroup section */
		31BDFBF622D57509000507B9 = {
			isa = PBXGroup;
			children = (
				31BDFC0122D57509000507B9 /* Class03 */,
				31BDFC1622D57516000507B9 /* Class03Tests */,
				31BDFC2122D57516000507B9 /* Class03UITests */,
				31BDFC0022D57509000507B9 /* Products */,
			);
			sourceTree = "<group>";
		};
		31BDFC0022D57509000507B9 /* Products */ = {
			isa = PBXGroup;
			children = (
				31BDFBFF22D57509000507B9 /* Class03.app */,
				31BDFC1322D57516000507B9 /* Class03Tests.xctest */,
				31BDFC1E22D57516000507B9 /* Class03UITests.xctest */,
			);
			name = Products;
			sourceTree = "<group>";
		};
		31BDFC0122D57509000507B9 /* Class03 */ = {
			isa = PBXGroup;
			children = (
				31BDFC0222D57509000507B9 /* AppDelegate.swift */,
				31BDFC0422D57509000507B9 /* ViewController.swift */,
				31BDFC0622D57509000507B9 /* Main.storyboard */,
				31BDFC0922D57516000507B9 /* Assets.xcassets */,
				31BDFC0B22D57516000507B9 /* LaunchScreen.storyboard */,
				31BDFC0E22D57516000507B9 /* Info.plist */,
			);
			path = Class03;
			sourceTree = "<group>";
		};
		31BDFC1622D57516000507B9 /* Class03Tests */ = {
			isa = PBXGroup;
			children = (
				31BDFC1722D57516000507B9 /* Class03Tests.swift */,
				31BDFC1922D57516000507B9 /* Info.plist */,
			);
			path = Class03Tests;
			sourceTree = "<group>";
		};
		31BDFC2122D57516000507B9 /* Class03UITests */ = {
			isa = PBXGroup;
			children = (
				31BDFC2222D57516000507B9 /* Class03UITests.swift */,
				31BDFC2422D57516000507B9 /* Info.plist */,
			);
			path = Class03UITests;
			sourceTree = "<group>";
		};
/* End PBXGroup section */

/* Begin PBXNativeTarget section */
		31BDFBFE22D57509000507B9 /* Class03 */ = {
			isa = PBXNativeTarget;
			buildConfigurationList = 31BDFC2722D57516000507B9 /* Build configuration list for PBXNativeTarget "Class03" */;
			buildPhases = (
				31BDFBFB22D57509000507B9 /* Sources */,
				31BDFBFC22D57509000507B9 /* Frameworks */,
				31BDFBFD22D57509000507B9 /* Resources */,
			);
			buildRules = (
			);
			dependencies = (
			);
			name = Class03;
			productName = Class03;
			productReference = 31BDFBFF22D57509000507B9 /* Class03.app */;
			productType = "com.apple.product-type.application";
		};
		31BDFC1222D57516000507B9 /* Class03Tests */ = {
			isa = PBXNativeTarget;
			buildConfigurationList = 31BDFC2A22D57516000507B9 /* Build configuration list for PBXNativeTarget "Class03Tests" */;
			buildPhases = (
				31BDFC0F22D57516000507B9 /* Sources */,
				31BDFC1022D57516000507B9 /* Frameworks */,
				31BDFC1122D57516000507B9 /* Resources */,
			);
			buildRules = (
			);
			dependencies = (
				31BDFC1522D57516000507B9 /* PBXTargetDependency */,
			);
			name = Class03Tests;
			productName = Class03Tests;
			productReference = 31BDFC1322D57516000507B9 /* Class03Tests.xctest */;
			productType = "com.apple.product-type.bundle.unit-test";
		};
		31BDFC1D22D57516000507B9 /* Class03UITests */ = {
			isa = PBXNativeTarget;
			buildConfigurationList = 31BDFC2D22D57516000507B9 /* Build configuration list for PBXNativeTarget "Class03UITests" */;
			buildPhases = (
				31BDFC1A22D57516000507B9 /* Sources */,
				31BDFC1B22D57516000507B9 /* Frameworks */,
				31BDFC1C22D57516000507B9 /* Resources */,
			);
			buildRules = (
			);
			dependencies = (
				31BDFC2022D57516000507B9 /* PBXTargetDependency */,
			);
			name = Class03UITests;
			productName = Class03UITests;
			productReference = 31BDFC1E22D57516000507B9 /* Class03UITests.xctest */;
			productType = "com.apple.product-type.bundle.ui-testing";
		};
/* End PBXNativeTarget section */

/* Begin PBXProject section */
		31BDFBF722D57509000507B9 /* Project object */ = {
			isa = PBXProject;
			attributes = {
				LastSwiftUpdateCheck = 1020;
				LastUpgradeCheck = 1020;
				ORGANIZATIONNAME = njcit;
				TargetAttributes = {
					31BDFBFE22D57509000507B9 = {
						CreatedOnToolsVersion = 10.2.1;
					};
					31BDFC1222D57516000507B9 = {
						CreatedOnToolsVersion = 10.2.1;
						TestTargetID = 31BDFBFE22D57509000507B9;
					};
					31BDFC1D22D57516000507B9 = {
						CreatedOnToolsVersion = 10.2.1;
						TestTargetID = 31BDFBFE22D57509000507B9;
					};
				};
			};
			buildConfigurationList = 31BDFBFA22D57509000507B9 /* Build configuration list for PBXProject "Class03" */;
			compatibilityVersion = "Xcode 9.3";
			developmentRegion = en;
			hasScannedForEncodings = 0;
			knownRegions = (
				en,
				Base,
			);
			mainGroup = 31BDFBF622D57509000507B9;
			productRefGroup = 31BDFC0022D57509000507B9 /* Products */;
			projectDirPath = "";
			projectRoot = "";
			targets = (
				31BDFBFE22D57509000507B9 /* Class03 */,
				31BDFC1222D57516000507B9 /* Class03Tests */,
				31BDFC1D22D57516000507B9 /* Class03UITests */,
			);
		};
/* End PBXProject section */

/* Begin PBXResourcesBuildPhase section */
		31BDFBFD22D57509000507B9 /* Resources */ = {
			isa = PBXResourcesBuildPhase;
			buildActionMask = 2147483647;
			files = (
				31BDFC0D22D57516000507B9 /* LaunchScreen.storyboard in Resources */,
				31BDFC0A22D57516000507B9 /* Assets.xcassets in Resources */,
				31BDFC0822D57509000507B9 /* Main.storyboard in Resources */,
			);
			runOnlyForDeploymentPostprocessing = 0;
		};
		31BDFC1122D57516000507B9 /* Resources */ = {
			isa = PBXResourcesBuildPhase;
			buildActionMask = 2147483647;
			files = (
			);
			runOnlyForDeploymentPostprocessing = 0;
		};
		31BDFC1C22D57516000507B9 /* Resources */ = {
			isa = PBXResourcesBuildPhase;
			buildActionMask = 2147483647;
			files = (
			);
			runOnlyForDeploymentPostprocessing = 0;
		};
/* End PBXResourcesBuildPhase section */

/* Begin PBXSourcesBuildPhase section */
		31BDFBFB22D57509000507B9 /* Sources */ = {
			isa = PBXSourcesBuildPhase;
			buildActionMask = 2147483647;
			files = (
				31BDFC0522D57509000507B9 /* ViewController.swift in Sources */,
				31BDFC0322D57509000507B9 /* AppDelegate.swift in Sources */,
			);
			runOnlyForDeploymentPostprocessing = 0;
		};
		31BDFC0F22D57516000507B9 /* Sources */ = {
			isa = PBXSourcesBuildPhase;
			buildActionMask = 2147483647;
			files = (
				31BDFC1822D57516000507B9 /* Class03Tests.swift in Sources */,
			);
			runOnlyForDeploymentPostprocessing = 0;
		};
		31BDFC1A22D57516000507B9 /* Sources */ = {
			isa = PBXSourcesBuildPhase;
			buildActionMask = 2147483647;
			files = (
				31BDFC2322D57516000507B9 /* Class03UITests.swift in Sources */,
			);
			runOnlyForDeploymentPostprocessing = 0;
		};
/* End PBXSourcesBuildPhase section */

/* Begin PBXTargetDependency section */
		31BDFC1522D57516000507B9 /* PBXTargetDependency */ = {
			isa = PBXTargetDependency;
			target = 31BDFBFE22D57509000507B9 /* Class03 */;
			targetProxy = 31BDFC1422D57516000507B9 /* PBXContainerItemProxy */;
		};
		31BDFC2022D57516000507B9 /* PBXTargetDependency */ = {
			isa = PBXTargetDependency;
			target = 31BDFBFE22D57509000507B9 /* Class03 */;
			targetProxy = 31BDFC1F22D57516000507B9 /* PBXContainerItemProxy */;
		};
/* End PBXTargetDependency section */

/* Begin PBXVariantGroup section */
		31BDFC0622D57509000507B9 /* Main.storyboard */ = {
			isa = PBXVariantGroup;
			children = (
				31BDFC0722D57509000507B9 /* Base */,
			);
			name = Main.storyboard;
			sourceTree = "<group>";
		};
		31BDFC0B22D57516000507B9 /* LaunchScreen.storyboard */ = {
			isa = PBXVariantGroup;
			children = (
				31BDFC0C22D57516000507B9 /* Base */,
			);
			name = LaunchScreen.storyboard;
			sourceTree = "<group>";
		};
/* End PBXVariantGroup section */

/* Begin XCBuildConfiguration section */
		31BDFC2522D57516000507B9 /* Debug */ = {
			isa = XCBuildConfiguration;
			buildSettings = {
				ALWAYS_SEARCH_USER_PATHS = NO;
				CLANG_ANALYZER_NONNULL = YES;
				CLANG_ANALYZER_NUMBER_OBJECT_CONVERSION = YES_AGGRESSIVE;
				CLANG_CXX_LANGUAGE_STANDARD = "gnu++14";
				CLANG_CXX_LIBRARY = "libc++";
				CLANG_ENABLE_MODULES = YES;
				CLANG_ENABLE_OBJC_ARC = YES;
				CLANG_ENABLE_OBJC_WEAK = YES;
				CLANG_WARN_BLOCK_CAPTURE_AUTORELEASING = YES;
				CLANG_WARN_BOOL_CONVERSION = YES;
				CLANG_WARN_COMMA = YES;
				CLANG_WARN_CONSTANT_CONVERSION = YES;
				CLANG_WARN_DEPRECATED_OBJC_IMPLEMENTATIONS = YES;
				CLANG_WARN_DIRECT_OBJC_ISA_USAGE = YES_ERROR;
				CLANG_WARN_DOCUMENTATION_COMMENTS = YES;
				CLANG_WARN_EMPTY_BODY = YES;
				CLANG_WARN_ENUM_CONVERSION = YES;
				CLANG_WARN_INFINITE_RECURSION = YES;
				CLANG_WARN_INT_CONVERSION = YES;
				CLANG_WARN_NON_LITERAL_NULL_CONVERSION = YES;
				CLANG_WARN_OBJC_IMPLICIT_RETAIN_SELF = YES;
				CLANG_WARN_OBJC_LITERAL_CONVERSION = YES;
				CLANG_WARN_OBJC_ROOT_CLASS = YES_ERROR;
				CLANG_WARN_RANGE_LOOP_ANALYSIS = YES;
				CLANG_WARN_STRICT_PROTOTYPES = YES;
				CLANG_WARN_SUSPICIOUS_MOVE = YES;
				CLANG_WARN_UNGUARDED_AVAILABILITY = YES_AGGRESSIVE;
				CLANG_WARN_UNREACHABLE_CODE = YES;
				CLANG_WARN__DUPLICATE_METHOD_MATCH = YES;
				CODE_SIGN_IDENTITY = "iPhone Developer";
				COPY_PHASE_STRIP = NO;
				DEBUG_INFORMATION_FORMAT = dwarf;
				ENABLE_STRICT_OBJC_MSGSEND = YES;
				ENABLE_TESTABILITY = YES;
				GCC_C_LANGUAGE_STANDARD = gnu11;
				GCC_DYNAMIC_NO_PIC = NO;
				GCC_NO_COMMON_BLOCKS = YES;
				GCC_OPTIMIZATION_LEVEL = 0;
				GCC_PREPROCESSOR_DEFINITIONS = (
					"DEBUG=1",
					"$(inherited)",
				);
				GCC_WARN_64_TO_32_BIT_CONVERSION = YES;
				GCC_WARN_ABOUT_RETURN_TYPE = YES_ERROR;
				GCC_WARN_UNDECLARED_SELECTOR = YES;
				GCC_WARN_UNINITIALIZED_AUTOS = YES_AGGRESSIVE;
				GCC_WARN_UNUSED_FUNCTION = YES;
				GCC_WARN_UNUSED_VARIABLE = YES;
				IPHONEOS_DEPLOYMENT_TARGET = 12.2;
				MTL_ENABLE_DEBUG_INFO = INCLUDE_SOURCE;
				MTL_FAST_MATH = YES;
				ONLY_ACTIVE_ARCH = YES;
				SDKROOT = iphoneos;
				SWIFT_ACTIVE_COMPILATION_CONDITIONS = DEBUG;
				SWIFT_OPTIMIZATION_LEVEL = "-Onone";
			};
			name = Debug;
		};
		31BDFC2622D57516000507B9 /* Release */ = {
			isa = XCBuildConfiguration;
			buildSettings = {
				ALWAYS_SEARCH_USER_PATHS = NO;
				CLANG_ANALYZER_NONNULL = YES;
				CLANG_ANALYZER_NUMBER_OBJECT_CONVERSION = YES_AGGRESSIVE;
				CLANG_CXX_LANGUAGE_STANDARD = "gnu++14";
				CLANG_CXX_LIBRARY = "libc++";
				CLANG_ENABLE_MODULES = YES;
				CLANG_ENABLE_OBJC_ARC = YES;
				CLANG_ENABLE_OBJC_WEAK = YES;
				CLANG_WARN_BLOCK_CAPTURE_AUTORELEASING = YES;
				CLANG_WARN_BOOL_CONVERSION = YES;
				CLANG_WARN_COMMA = YES;
				CLANG_WARN_CONSTANT_CONVERSION = YES;
				CLANG_WARN_DEPRECATED_OBJC_IMPLEMENTATIONS = YES;
				CLANG_WARN_DIRECT_OBJC_ISA_USAGE = YES_ERROR;
				CLANG_WARN_DOCUMENTATION_COMMENTS = YES;
				CLANG_WARN_EMPTY_BODY = YES;
				CLANG_WARN_ENUM_CONVERSION = YES;
				CLANG_WARN_INFINITE_RECURSION = YES;
				CLANG_WARN_INT_CONVERSION = YES;
				CLANG_WARN_NON_LITERAL_NULL_CONVERSION = YES;
				CLANG_WARN_OBJC_IMPLICIT_RETAIN_SELF = YES;
				CLANG_WARN_OBJC_LITERAL_CONVERSION = YES;
				CLANG_WARN_OBJC_ROOT_CLASS = YES_ERROR;
				CLANG_WARN_RANGE_LOOP_ANALYSIS = YES;
				CLANG_WARN_STRICT_PROTOTYPES = YES;
				CLANG_WARN_SUSPICIOUS_MOVE = YES;
				CLANG_WARN_UNGUARDED_AVAILABILITY = YES_AGGRESSIVE;
				CLANG_WARN_UNREACHABLE_CODE = YES;
				CLANG_WARN__DUPLICATE_METHOD_MATCH = YES;
				CODE_SIGN_IDENTITY = "iPhone Developer";
				COPY_PHASE_STRIP = NO;
				DEBUG_INFORMATION_FORMAT = "dwarf-with-dsym";
				ENABLE_NS_ASSERTIONS = NO;
				ENABLE_STRICT_OBJC_MSGSEND = YES;
				GCC_C_LANGUAGE_STANDARD = gnu11;
				GCC_NO_COMMON_BLOCKS = YES;
				GCC_WARN_64_TO_32_BIT_CONVERSION = YES;
				GCC_WARN_ABOUT_RETURN_TYPE = YES_ERROR;
				GCC_WARN_UNDECLARED_SELECTOR = YES;
				GCC_WARN_UNINITIALIZED_AUTOS = YES_AGGRESSIVE;
				GCC_WARN_UNUSED_FUNCTION = YES;
				GCC_WARN_UNUSED_VARIABLE = YES;
				IPHONEOS_DEPLOYMENT_TARGET = 12.2;
				MTL_ENABLE_DEBUG_INFO = NO;
				MTL_FAST_MATH = YES;
				SDKROOT = iphoneos;
				SWIFT_COMPILATION_MODE = wholemodule;
				SWIFT_OPTIMIZATION_LEVEL = "-O";
				VALIDATE_PRODUCT = YES;
			};
			name = Release;
		};
		31BDFC2822D57516000507B9 /* Debug */ = {
			isa = XCBuildConfiguration;
			buildSettings = {
				ASSETCATALOG_COMPILER_APPICON_NAME = AppIcon;
				CODE_SIGN_STYLE = Automatic;
				INFOPLIST_FILE = Class03/Info.plist;
				LD_RUNPATH_SEARCH_PATHS = (
					"$(inherited)",
					"@executable_path/Frameworks",
				);
				PRODUCT_BUNDLE_IDENTIFIER = com.njcit.Class03;
				PRODUCT_NAME = "$(TARGET_NAME)";
				SWIFT_VERSION = 5.0;
				TARGETED_DEVICE_FAMILY = "1,2";
			};
			name = Debug;
		};
		31BDFC2922D57516000507B9 /* Release */ = {
			isa = XCBuildConfiguration;
			buildSettings = {
				ASSETCATALOG_COMPILER_APPICON_NAME = AppIcon;
				CODE_SIGN_STYLE = Automatic;
				INFOPLIST_FILE = Class03/Info.plist;
				LD_RUNPATH_SEARCH_PATHS = (
					"$(inherited)",
					"@executable_path/Frameworks",
				);
				PRODUCT_BUNDLE_IDENTIFIER = com.njcit.Class03;
				PRODUCT_NAME = "$(TARGET_NAME)";
				SWIFT_VERSION = 5.0;
				TARGETED_DEVICE_FAMILY = "1,2";
			};
			name = Release;
		};
		31BDFC2B22D57516000507B9 /* Debug */ = {
			isa = XCBuildConfiguration;
			buildSettings = {
				ALWAYS_EMBED_SWIFT_STANDARD_LIBRARIES = YES;
				BUNDLE_LOADER = "$(TEST_HOST)";
				CODE_SIGN_STYLE = Automatic;
				INFOPLIST_FILE = Class03Tests/Info.plist;
				LD_RUNPATH_SEARCH_PATHS = (
					"$(inherited)",
					"@executable_path/Frameworks",
					"@loader_path/Frameworks",
				);
				PRODUCT_BUNDLE_IDENTIFIER = com.njcit.Class03Tests;
				PRODUCT_NAME = "$(TARGET_NAME)";
				SWIFT_VERSION = 5.0;
				TARGETED_DEVICE_FAMILY = "1,2";
				TEST_HOST = "$(BUILT_PRODUCTS_DIR)/Class03.app/Class03";
			};
			name = Debug;
		};
		31BDFC2C22D57516000507B9 /* Release */ = {
			isa = XCBuildConfiguration;
			buildSettings = {
				ALWAYS_EMBED_SWIFT_STANDARD_LIBRARIES = YES;
				BUNDLE_LOADER = "$(TEST_HOST)";
				CODE_SIGN_STYLE = Automatic;
				INFOPLIST_FILE = Class03Tests/Info.plist;
				LD_RUNPATH_SEARCH_PATHS = (
					"$(inherited)",
					"@executable_path/Frameworks",
					"@loader_path/Frameworks",
				);
				PRODUCT_BUNDLE_IDENTIFIER = com.njcit.Class03Tests;
				PRODUCT_NAME = "$(TARGET_NAME)";
				SWIFT_VERSION = 5.0;
				TARGETED_DEVICE_FAMILY = "1,2";
				TEST_HOST = "$(BUILT_PRODUCTS_DIR)/Class03.app/Class03";
			};
			name = Release;
		};
		31BDFC2E22D57516000507B9 /* Debug */ = {
			isa = XCBuildConfiguration;
			buildSettings = {
				ALWAYS_EMBED_SWIFT_STANDARD_LIBRARIES = YES;
				CODE_SIGN_STYLE = Automatic;
				INFOPLIST_FILE = Class03UITests/Info.plist;
				LD_RUNPATH_SEARCH_PATHS = (
					"$(inherited)",
					"@executable_path/Frameworks",
					"@loader_path/Frameworks",
				);
				PRODUCT_BUNDLE_IDENTIFIER = com.njcit.Class03UITests;
				PRODUCT_NAME = "$(TARGET_NAME)";
				SWIFT_VERSION = 5.0;
				TARGETED_DEVICE_FAMILY = "1,2";
				TEST_TARGET_NAME = Class03;
			};
			name = Debug;
		};
		31BDFC2F22D57516000507B9 /* Release */ = {
			isa = XCBuildConfiguration;
			buildSettings = {
				ALWAYS_EMBED_SWIFT_STANDARD_LIBRARIES = YES;
				CODE_SIGN_STYLE = Automatic;
				INFOPLIST_FILE = Class03UITests/Info.plist;
				LD_RUNPATH_SEARCH_PATHS = (
					"$(inherited)",
					"@executable_path/Frameworks",
					"@loader_path/Frameworks",
				);
				PRODUCT_BUNDLE_IDENTIFIER = com.njcit.Class03UITests;
				PRODUCT_NAME = "$(TARGET_NAME)";
				SWIFT_VERSION = 5.0;
				TARGETED_DEVICE_FAMILY = "1,2";
				TEST_TARGET_NAME = Class03;
			};
			name = Release;
		};
/* End XCBuildConfiguration section */

/* Begin XCConfigurationList section */
		31BDFBFA22D57509000507B9 /* Build configuration list for PBXProject "Class03" */ = {
			isa = XCConfigurationList;
			buildConfigurations = (
				31BDFC2522D57516000507B9 /* Debug */,
				31BDFC2622D57516000507B9 /* Release */,
			);
			defaultConfigurationIsVisible = 0;
			defaultConfigurationName = Release;
		};
		31BDFC2722D57516000507B9 /* Build configuration list for PBXNativeTarget "Class03" */ = {
			isa = XCConfigurationList;
			buildConfigurations = (
				31BDFC2822D57516000507B9 /* Debug */,
				31BDFC2922D57516000507B9 /* Release */,
			);
			defaultConfigurationIsVisible = 0;
			defaultConfigurationName = Release;
		};
		31BDFC2A22D57516000507B9 /* Build configuration list for PBXNativeTarget "Class03Tests" */ = {
			isa = XCConfigurationList;
			buildConfigurations = (
				31BDFC2B22D57516000507B9 /* Debug */,
				31BDFC2C22D57516000507B9 /* Release */,
			);
			defaultConfigurationIsVisible = 0;
			defaultConfigurationName = Release;
		};
		31BDFC2D22D57516000507B9 /* Build configuration list for PBXNativeTarget "Class03UITests" */ = {
			isa = XCConfigurationList;
			buildConfigurations = (
				31BDFC2E22D57516000507B9 /* Debug */,
				31BDFC2F22D57516000507B9 /* Release */,
			);
			defaultConfigurationIsVisible = 0;
			defaultConfigurationName = Release;
		};
/* End XCConfigurationList section */
	};
	rootObject = 31BDFBF722D57509000507B9 /* Project object */;
}
